{
    "_readme": [
        "This file locks the dependencies of your project to a known state",
        "Read more about it at https://getcomposer.org/doc/01-basic-usage.md#composer-lock-the-lock-file",
        "This file is @generated automatically"
    ],
    "hash": "eed79577b5b99e67353406b2f37d3d3e",
    "packages": [
        {
            "name": "egeloen/http-adapter",
            "version": "0.8.0",
            "source": {
                "type": "git",
                "url": "https://github.com/egeloen/ivory-http-adapter.git",
                "reference": "9641f11487ec26b24c6bbcee4f267cf62f60b855"
            },
            "dist": {
                "type": "zip",
                "url": "https://api.github.com/repos/egeloen/ivory-http-adapter/zipball/9641f11487ec26b24c6bbcee4f267cf62f60b855",
                "reference": "9641f11487ec26b24c6bbcee4f267cf62f60b855",
                "shasum": ""
            },
            "require": {
                "php": ">=5.4.8",
                "zendframework/zend-diactoros": "^1.1"
            },
            "require-dev": {
                "cakephp/cakephp": "^3.0.3",
                "ext-curl": "*",
                "guzzle/guzzle": "^3.9.4@dev",
                "guzzlehttp/guzzle": "^4.1.4|^5.0|^6.0",
                "kriswallsmith/buzz": "^0.13",
                "nategood/httpful": "^0.2.17",
                "phpunit/phpunit": "^4.0",
                "phpunit/phpunit-mock-objects": "dev-matcher-verify as 2.3.x-dev",
                "psr/log": "^1.0",
                "react/dns": "^0.4.1",
                "react/http-client": "^0.4",
                "satooshi/php-coveralls": "^0.6",
                "symfony/event-dispatcher": "^2.0",
                "zendframework/zend-http": "^2.3.4",
                "zendframework/zendframework1": ">=1.12.9,<=1.12.14|^1.12.16"
            },
            "suggest": {
                "ext-curl": "Allows you to use the cURL adapter",
                "ext-http": "Allows you to use the PECL adapter",
                "guzzle/guzzle": "Allows you to use the Guzzle 3 adapter",
                "guzzlehttp/guzzle": "Allows you to use the Guzzle 4 adapter",
                "kriswallsmith/buzz": "Allows you to use the Buzz adapter",
                "nategood/httpful": "Allows you to use the httpful adapter",
                "psr/log": "Allows you to use the logger event subscriber",
                "symfony/event-dispatcher": "Allows you to use the event lifecycle",
                "symfony/stopwatch": "Allows you to use the stopwatch http adapter and event subscriber",
                "zendframework/zend-http": "Allows you to use the Zend 2 adapter",
                "zendframework/zendframework1": "Allows you to use the Zend 1 adapter"
            },
            "type": "library",
            "extra": {
                "branch-alias": {
                    "dev-master": "0.8-dev"
                }
            },
            "autoload": {
                "psr-4": {
                    "Ivory\\HttpAdapter\\": "src/"
                }
            },
            "notification-url": "https://packagist.org/downloads/",
            "license": [
                "MIT"
            ],
            "authors": [
                {
                    "name": "Eric GELOEN",
                    "email": "geloen.eric@gmail.com"
                }
            ],
            "description": "Issue HTTP request for PHP 5.3+.",
            "keywords": [
                "http",
                "http-adapter",
                "http-client",
                "psr-7"
            ],
            "time": "2015-08-12 09:35:40"
        },
        {
            "name": "geocoder-php/geocoder-extra",
            "version": "dev-geocoder-v3",
            "source": {
                "type": "git",
                "url": "https://github.com/geocoder-php/geocoder-extra.git",
                "reference": "cccc6afcef3f369aa2dbb0b1639947959369aab2"
            },
            "dist": {
                "type": "zip",
                "url": "https://api.github.com/repos/geocoder-php/geocoder-extra/zipball/cccc6afcef3f369aa2dbb0b1639947959369aab2",
                "reference": "cccc6afcef3f369aa2dbb0b1639947959369aab2",
                "shasum": ""
            },
            "require": {
                "willdurand/geocoder": "~3.0"
            },
            "require-dev": {
                "phpunit/phpunit": "~4.0"
            },
            "type": "library",
            "extra": {
                "branch-alias": {
                    "dev-master": "2.0-dev"
                }
            },
            "autoload": {
                "psr-0": {
                    "Geocoder": "src/"
                }
            },
            "notification-url": "https://packagist.org/downloads/",
            "license": [
                "MIT"
            ],
            "authors": [
                {
                    "name": "William Durand",
                    "email": "william.durand1@gmail.com"
                }
            ],
            "description": "Geocoder extra features.",
            "time": "2015-07-28 13:03:36"
        },
        {
            "name": "geoip/geoip",
            "version": "v1.15",
            "source": {
                "type": "git",
                "url": "https://github.com/maxmind/geoip-api-php.git",
                "reference": "352ab1a43124b13878e1dc58ccd16c9d607cae22"
            },
            "dist": {
                "type": "zip",
                "url": "https://api.github.com/repos/maxmind/geoip-api-php/zipball/352ab1a43124b13878e1dc58ccd16c9d607cae22",
                "reference": "352ab1a43124b13878e1dc58ccd16c9d607cae22",
                "shasum": ""
            },
            "conflict": {
                "ext-geoip": "*"
            },
            "require-dev": {
                "phpunit/phpunit": "3.7.*",
                "satooshi/php-coveralls": "dev-master"
            },
            "type": "library",
            "autoload": {
                "files": [
                    "src/geoip.inc",
                    "src/geoipcity.inc",
                    "src/timezone.php"
                ]
            },
            "notification-url": "https://packagist.org/downloads/",
            "license": [
                "LGPL 2.1+"
            ],
            "authors": [
                {
                    "name": "MaxMind, Inc.",
                    "email": "support@maxmind.com",
                    "homepage": "http://www.maxmind.com/"
                }
            ],
            "description": "MaxMind GeoIP PHP API",
            "homepage": "http://dev.maxmind.com/geoip/legacy/downloadable",
            "keywords": [
                "geoip",
                "geolocation",
                "maxmind"
            ],
            "time": "2015-05-01 17:22:02"
        },
        {
            "name": "geoip2/geoip2",
            "version": "v2.3.3",
            "source": {
                "type": "git",
                "url": "https://github.com/maxmind/GeoIP2-php.git",
                "reference": "ee15b2e466dd09fd2246cf64efa1aa9eca988b86"
            },
            "dist": {
                "type": "zip",
                "url": "https://api.github.com/repos/maxmind/GeoIP2-php/zipball/ee15b2e466dd09fd2246cf64efa1aa9eca988b86",
                "reference": "ee15b2e466dd09fd2246cf64efa1aa9eca988b86",
                "shasum": ""
            },
            "require": {
                "maxmind-db/reader": "~1.0",
                "maxmind/web-service-common": "~0.0.3",
                "php": ">=5.3.1"
            },
            "require-dev": {
                "phpunit/phpunit": "4.2.*"
            },
            "type": "library",
            "autoload": {
                "psr-4": {
                    "GeoIp2\\": "src"
                }
            },
            "notification-url": "https://packagist.org/downloads/",
            "license": [
                "Apache-2.0"
            ],
            "authors": [
                {
                    "name": "Gregory J. Oschwald",
                    "email": "goschwald@maxmind.com",
                    "homepage": "http://www.maxmind.com/"
                }
            ],
            "description": "MaxMind GeoIP2 PHP API",
            "homepage": "https://github.com/maxmind/GeoIP2-php",
            "keywords": [
                "IP",
                "geoip",
                "geoip2",
                "geolocation",
                "maxmind"
            ],
            "time": "2015-09-24 17:29:28"
        },
        {
            "name": "igorw/get-in",
            "version": "v1.0.3",
            "source": {
                "type": "git",
                "url": "https://github.com/igorw/get-in.git",
                "reference": "170ded831f49abc6a6061f655aba9bdbcf7b8111"
            },
            "dist": {
                "type": "zip",
                "url": "https://api.github.com/repos/igorw/get-in/zipball/170ded831f49abc6a6061f655aba9bdbcf7b8111",
                "reference": "170ded831f49abc6a6061f655aba9bdbcf7b8111",
                "shasum": ""
            },
            "require": {
                "php": ">=5.4"
            },
            "type": "library",
            "extra": {
                "branch-alias": {
                    "dev-master": "1.0-dev"
                }
            },
            "autoload": {
                "files": [
                    "src/get_in.php"
                ]
            },
            "notification-url": "https://packagist.org/downloads/",
            "license": [
                "MIT"
            ],
            "authors": [
                {
                    "name": "Igor Wiedler",
                    "email": "igor@wiedler.ch"
                }
            ],
            "description": "Functions for for hash map (assoc array) traversal.",
            "keywords": [
                "assoc-array",
                "hash-map"
            ],
            "time": "2014-12-15 23:03:51"
        },
        {
            "name": "ip2location/ip2location-php",
            "version": "7.2.2",
            "source": {
                "type": "git",
                "url": "https://github.com/chrislim2888/IP2Location-PHP-Module.git",
                "reference": "77433e925d3774db53acca3c9b11404e55edac51"
            },
            "dist": {
                "type": "zip",
                "url": "https://api.github.com/repos/chrislim2888/IP2Location-PHP-Module/zipball/77433e925d3774db53acca3c9b11404e55edac51",
                "reference": "77433e925d3774db53acca3c9b11404e55edac51",
                "shasum": ""
            },
            "type": "library",
            "autoload": {
                "classmap": [
                    "IP2Location.php"
                ]
            },
            "notification-url": "https://packagist.org/downloads/",
            "license": [
                "LGPLv3"
            ],
            "authors": [
                {
                    "name": "IP2Location",
                    "email": "support@ip2location.com",
                    "homepage": "http://www.ip2location.com"
                }
            ],
            "description": "IP2Location PHP API to get location info from IPv4 and IPv6 address.",
            "homepage": "http://www.ip2location.com",
            "keywords": [
                "geolocation",
                "ip2location",
                "ip2locationlite"
            ],
            "time": "2015-07-30 08:18:51"
        },
        {
            "name": "maxmind-db/reader",
            "version": "v1.0.3",
            "source": {
                "type": "git",
                "url": "https://github.com/maxmind/MaxMind-DB-Reader-php.git",
                "reference": "07f211ab596ba60f9663d9984b888f76ee1beac9"
            },
            "dist": {
                "type": "zip",
                "url": "https://api.github.com/repos/maxmind/MaxMind-DB-Reader-php/zipball/07f211ab596ba60f9663d9984b888f76ee1beac9",
                "reference": "07f211ab596ba60f9663d9984b888f76ee1beac9",
                "shasum": ""
            },
            "require": {
                "php": ">=5.3.1"
            },
            "require-dev": {
                "phpunit/phpunit": "4.2.*",
                "satooshi/php-coveralls": "dev-master"
            },
            "type": "library",
            "autoload": {
                "psr-0": {
                    "MaxMind": "src/"
                }
            },
            "notification-url": "https://packagist.org/downloads/",
            "license": [
                "Apache-2.0"
            ],
            "authors": [
                {
                    "name": "Gregory J. Oschwald",
                    "email": "goschwald@maxmind.com",
                    "homepage": "http://www.maxmind.com/"
                }
            ],
            "description": "MaxMind DB Reader API",
            "homepage": "https://github.com/maxmind/MaxMind-DB-Reader-php",
            "keywords": [
                "database",
                "geoip",
                "geoip2",
                "geolocation",
                "maxmind"
            ],
            "time": "2015-03-13 22:35:13"
        },
        {
            "name": "maxmind/web-service-common",
            "version": "v0.0.4",
            "source": {
                "type": "git",
                "url": "https://github.com/maxmind/web-service-common-php.git",
                "reference": "f26fce5281290973beeeca3e33847887177dd138"
            },
            "dist": {
                "type": "zip",
                "url": "https://api.github.com/repos/maxmind/web-service-common-php/zipball/f26fce5281290973beeeca3e33847887177dd138",
                "reference": "f26fce5281290973beeeca3e33847887177dd138",
                "shasum": ""
            },
            "require": {
                "ext-curl": "*",
                "ext-json": "*",
                "php": ">=5.3"
            },
            "require-dev": {
                "phpunit/phpunit": "4.6.*"
            },
            "type": "library",
            "autoload": {
                "psr-4": {
                    "MaxMind\\": "src"
                }
            },
            "notification-url": "https://packagist.org/downloads/",
            "license": [
                "Apache-2.0"
            ],
            "authors": [
                {
                    "name": "Gregory Oschwald",
                    "email": "goschwald@maxmind.com"
                }
            ],
            "description": "Internal MaxMind Web Service API",
            "homepage": "https://github.com/maxmind/mm-web-service-api-php",
            "time": "2015-07-21 20:07:31"
        },
        {
            "name": "piwik/network",
            "version": "0.1.0",
            "source": {
                "type": "git",
                "url": "https://github.com/piwik/component-network.git",
                "reference": "9037fa29509f86767e02ba58a57d4deb1d01a844"
            },
            "dist": {
                "type": "zip",
                "url": "https://api.github.com/repos/piwik/component-network/zipball/9037fa29509f86767e02ba58a57d4deb1d01a844",
                "reference": "9037fa29509f86767e02ba58a57d4deb1d01a844",
                "shasum": ""
            },
            "require": {
                "php": ">=5.3.2"
            },
            "require-dev": {
                "phpunit/phpunit": "~4.0"
            },
            "type": "library",
            "autoload": {
                "psr-4": {
                    "Piwik\\Network\\": "src/"
                }
            },
            "notification-url": "https://packagist.org/downloads/",
            "license": [
                "LGPL-3.0"
            ],
            "time": "2014-10-23 03:30:23"
        },
        {
            "name": "psr/http-message",
            "version": "1.0",
            "source": {
                "type": "git",
                "url": "https://github.com/php-fig/http-message.git",
                "reference": "85d63699f0dbedb190bbd4b0d2b9dc707ea4c298"
            },
            "dist": {
                "type": "zip",
                "url": "https://api.github.com/repos/php-fig/http-message/zipball/85d63699f0dbedb190bbd4b0d2b9dc707ea4c298",
                "reference": "85d63699f0dbedb190bbd4b0d2b9dc707ea4c298",
                "shasum": ""
            },
            "require": {
                "php": ">=5.3.0"
            },
            "type": "library",
            "extra": {
                "branch-alias": {
                    "dev-master": "1.0.x-dev"
                }
            },
            "autoload": {
                "psr-4": {
                    "Psr\\Http\\Message\\": "src/"
                }
            },
            "notification-url": "https://packagist.org/downloads/",
            "license": [
                "MIT"
            ],
            "authors": [
                {
                    "name": "PHP-FIG",
                    "homepage": "http://www.php-fig.org/"
                }
            ],
            "description": "Common interface for HTTP messages",
            "keywords": [
                "http",
                "http-message",
                "psr",
                "psr-7",
                "request",
                "response"
            ],
            "time": "2015-05-04 20:22:00"
        },
        {
            "name": "psr/log",
            "version": "1.0.0",
            "source": {
                "type": "git",
                "url": "https://github.com/php-fig/log.git",
                "reference": "fe0936ee26643249e916849d48e3a51d5f5e278b"
            },
            "dist": {
                "type": "zip",
                "url": "https://api.github.com/repos/php-fig/log/zipball/fe0936ee26643249e916849d48e3a51d5f5e278b",
                "reference": "fe0936ee26643249e916849d48e3a51d5f5e278b",
                "shasum": ""
            },
            "type": "library",
            "autoload": {
                "psr-0": {
                    "Psr\\Log\\": ""
                }
            },
            "notification-url": "https://packagist.org/downloads/",
            "license": [
                "MIT"
            ],
            "authors": [
                {
                    "name": "PHP-FIG",
                    "homepage": "http://www.php-fig.org/"
                }
            ],
            "description": "Common interface for logging libraries",
            "keywords": [
                "log",
                "psr",
                "psr-3"
            ],
            "time": "2012-12-21 11:40:51"
        },
        {
            "name": "willdurand/geocoder",
            "version": "v3.2.0",
            "source": {
                "type": "git",
                "url": "https://github.com/geocoder-php/Geocoder.git",
                "reference": "c9710d3930e916253c92c8395d6609e3230024e7"
            },
            "dist": {
                "type": "zip",
                "url": "https://api.github.com/repos/geocoder-php/Geocoder/zipball/c9710d3930e916253c92c8395d6609e3230024e7",
                "reference": "c9710d3930e916253c92c8395d6609e3230024e7",
                "shasum": ""
            },
            "require": {
                "egeloen/http-adapter": "~0.8",
                "igorw/get-in": "~1.0",
                "php": ">=5.4.0"
            },
            "require-dev": {
                "geoip2/geoip2": "~2.0",
                "symfony/stopwatch": "~2.5"
            },
            "suggest": {
                "ext-geoip": "Enabling the geoip extension allows you to use the MaxMindProvider.",
                "geoip/geoip": "If you are going to use the MaxMindBinaryProvider (conflict with geoip extension).",
                "geoip2/geoip2": "If you are going to use the GeoIP2DatabaseProvider.",
                "symfony/stopwatch": "If you want to use the TimedGeocoder"
            },
            "type": "library",
            "extra": {
                "branch-alias": {
                    "dev-master": "3.2-dev"
                }
            },
            "autoload": {
                "psr-0": {
                    "Geocoder": "src/"
                }
            },
            "notification-url": "https://packagist.org/downloads/",
            "license": [
                "MIT"
            ],
            "authors": [
                {
                    "name": "William Durand",
                    "email": "william.durand1@gmail.com"
                }
            ],
            "description": "The almost missing Geocoder PHP 5.4 library.",
            "homepage": "http://geocoder-php.org",
            "keywords": [
                "abstraction",
                "geocoder",
                "geocoding",
                "geoip"
            ],
            "time": "2015-10-09 08:30:41"
        },
        {
            "name": "zendframework/zend-diactoros",
            "version": "1.1.3",
            "source": {
                "type": "git",
                "url": "https://github.com/zendframework/zend-diactoros.git",
                "reference": "e2f5c12916c74da384058d0dfbc7fbc0b03d1181"
            },
            "dist": {
                "type": "zip",
                "url": "https://api.github.com/repos/zendframework/zend-diactoros/zipball/e2f5c12916c74da384058d0dfbc7fbc0b03d1181",
                "reference": "e2f5c12916c74da384058d0dfbc7fbc0b03d1181",
                "shasum": ""
            },
            "require": {
                "php": ">=5.4",
                "psr/http-message": "~1.0"
            },
            "provide": {
                "psr/http-message-implementation": "~1.0.0"
            },
            "require-dev": {
                "phpunit/phpunit": "~4.6",
                "squizlabs/php_codesniffer": "^2.3.1"
            },
            "type": "library",
            "extra": {
                "branch-alias": {
                    "dev-master": "1.0-dev",
                    "dev-develop": "1.1-dev"
                }
            },
            "autoload": {
                "psr-4": {
                    "Zend\\Diactoros\\": "src/"
                }
            },
            "notification-url": "https://packagist.org/downloads/",
            "license": [
                "BSD-2-Clause"
            ],
            "description": "PSR HTTP Message implementations",
            "homepage": "https://github.com/zendframework/zend-diactoros",
            "keywords": [
                "http",
                "psr",
                "psr-7"
            ],
            "time": "2015-08-10 20:04:20"
        }
    ],
    "packages-dev": [],
    "aliases": [],
    "minimum-stability": "stable",
    "stability-flags": {
        "geocoder-php/geocoder-extra": 20
    },
    "prefer-stable": false,
    "prefer-lowest": false,
    "platform": {
        "php": "~5.6"
    },
    "platform-dev": []
}
